
Microsoft Visual Studio Solution File, Format Version 12.00
# Visual Studio Version 17
VisualStudioVersion = 17.7.34009.444
MinimumVisualStudioVersion = 10.0.40219.1
Project("{FAE04EC0-301F-11D3-BF4B-00C04F79EFBC}") = "GadgetApp", "GadgetApp\GadgetApp.csproj", "{F6443CB4-F222-4F0F-BFC4-283857F8C751}"
EndProject
Global
	GlobalSection(SolutionConfigurationPlatforms) = preSolution
		Debug|Any CPU = Debug|Any CPU
		Release|Any CPU = Release|Any CPU
	EndGlobalSection
	GlobalSection(ProjectConfigurationPlatforms) = postSolution
		{F6443CB4-F222-4F0F-BFC4-283857F8C751}.Debug|Any CPU.ActiveCfg = Debug|Any CPU
		{F6443CB4-F222-4F0F-BFC4-283857F8C751}.Debug|Any CPU.Build.0 = Debug|Any CPU
		{F6443CB4-F222-4F0F-BFC4-283857F8C751}.Release|Any CPU.ActiveCfg = Release|Any CPU
		{F6443CB4-F222-4F0F-BFC4-283857F8C751}.Release|Any CPU.Build.0 = Release|Any CPU
	EndGlobalSection
	GlobalSection(SolutionProperties) = preSolution
		HideSolutionNode = FALSE
	EndGlobalSection
	GlobalSection(ExtensibilityGlobals) = postSolution
		SolutionGuid = {DFB08A4B-BD28-49D2-A4CD-3C7FEF6FE6BC}
	EndGlobalSection
EndGlobal
